{
  "version": 4,
  "terraform_version": "1.3.1",
  "serial": 17,
  "lineage": "6df30c43-1911-116d-b317-32c7785ce4e1",
  "outputs": {},
  "resources": [
    {
      "mode": "managed",
      "type": "random_id",
      "name": "random_suffix",
      "provider": "provider[\"registry.terraform.io/hashicorp/random\"]",
      "instances": [
        {
          "schema_version": 0,
          "attributes": {
            "b64_std": "Hfw=",
            "b64_url": "Hfw",
            "byte_length": 2,
            "dec": "7676",
            "hex": "1dfc",
            "id": "Hfw",
            "keepers": null,
            "prefix": null
          },
          "sensitive_attributes": []
        }
      ]
    },
    {
      "module": "module.autoscaler",
      "mode": "data",
      "type": "google_compute_image",
      "name": "debian_11",
      "provider": "module.autoscaler.provider[\"registry.terraform.io/hashicorp/google\"]",
      "instances": [
        {
          "schema_version": 0,
          "attributes": {
            "archive_size_bytes": 1953340416,
            "creation_timestamp": "2024-01-10T11:36:37.930-08:00",
            "description": "Debian, Debian GNU/Linux, 11 (bullseye), amd64 built on 20240110",
            "disk_size_gb": 10,
            "family": "debian-11",
            "filter": null,
            "id": "projects/debian-cloud/global/images/debian-11-bullseye-v20240110",
            "image_encryption_key_sha256": "",
            "image_id": "7947040886430584618",
            "label_fingerprint": "42WmSpB8rSM=",
            "labels": {},
            "licenses": [
              "https://www.googleapis.com/compute/v1/projects/debian-cloud/global/licenses/debian-11-bullseye"
            ],
            "most_recent": false,
            "name": "debian-11-bullseye-v20240110",
            "project": "debian-cloud",
            "self_link": "https://www.googleapis.com/compute/v1/projects/debian-cloud/global/images/debian-11-bullseye-v20240110",
            "source_disk": "",
            "source_disk_encryption_key_sha256": "",
            "source_disk_id": "",
            "source_image_id": "",
            "status": "READY"
          },
          "sensitive_attributes": []
        }
      ]
    },
    {
      "module": "module.autoscaler",
      "mode": "managed",
      "type": "google_compute_autoscaler",
      "name": "autoscaler_app",
      "provider": "module.autoscaler.provider[\"registry.terraform.io/hashicorp/google\"]",
      "instances": []
    },
    {
      "module": "module.autoscaler",
      "mode": "managed",
      "type": "google_compute_instance_group_manager",
      "name": "group-instance",
      "provider": "module.autoscaler.provider[\"registry.terraform.io/hashicorp/google\"]",
      "instances": []
    },
    {
      "module": "module.autoscaler",
      "mode": "managed",
      "type": "google_compute_instance_template",
      "name": "instance-app",
      "provider": "module.autoscaler.provider[\"registry.terraform.io/hashicorp/google\"]",
      "instances": []
    },
    {
      "module": "module.bucket1",
      "mode": "managed",
      "type": "google_storage_bucket",
      "name": "bucket",
      "provider": "module.bucket1.provider[\"registry.terraform.io/hashicorp/google\"]",
      "instances": [
        {
          "schema_version": 1,
          "attributes": {
            "autoclass": [],
            "cors": [],
            "custom_placement_config": [],
            "default_event_based_hold": false,
            "effective_labels": {},
            "enable_object_retention": false,
            "encryption": [],
            "force_destroy": true,
            "id": "insset-groupe1-bucket1-1dfc",
            "labels": null,
            "lifecycle_rule": [],
            "location": "US-CENTRAL1",
            "logging": [],
            "name": "insset-groupe1-bucket1-1dfc",
            "project": "projet-vendredi",
            "public_access_prevention": "enforced",
            "requester_pays": false,
            "retention_policy": [],
            "rpo": null,
            "self_link": "https://www.googleapis.com/storage/v1/b/insset-groupe1-bucket1-1dfc",
            "storage_class": "STANDARD",
            "terraform_labels": {},
            "timeouts": null,
            "uniform_bucket_level_access": false,
            "url": "gs://insset-groupe1-bucket1-1dfc",
            "versioning": [],
            "website": []
          },
          "sensitive_attributes": [],
          "private": "eyJlMmJmYjczMC1lY2FhLTExZTYtOGY4OC0zNDM2M2JjN2M0YzAiOnsiY3JlYXRlIjo2MDAwMDAwMDAwMDAsInJlYWQiOjI0MDAwMDAwMDAwMCwidXBkYXRlIjoyNDAwMDAwMDAwMDB9LCJzY2hlbWFfdmVyc2lvbiI6IjEifQ==",
          "dependencies": [
            "random_id.random_suffix"
          ]
        }
      ]
    },
    {
      "module": "module.bucket2",
      "mode": "managed",
      "type": "google_storage_bucket",
      "name": "bucket",
      "provider": "module.bucket2.provider[\"registry.terraform.io/hashicorp/google\"]",
      "instances": [
        {
          "schema_version": 1,
          "attributes": {
            "autoclass": [],
            "cors": [],
            "custom_placement_config": [],
            "default_event_based_hold": false,
            "effective_labels": {},
            "enable_object_retention": false,
            "encryption": [],
            "force_destroy": true,
            "id": "insset-groupe1-bucket2-1dfc",
            "labels": null,
            "lifecycle_rule": [],
            "location": "US-CENTRAL1",
            "logging": [],
            "name": "insset-groupe1-bucket2-1dfc",
            "project": "projet-vendredi",
            "public_access_prevention": "enforced",
            "requester_pays": false,
            "retention_policy": [],
            "rpo": null,
            "self_link": "https://www.googleapis.com/storage/v1/b/insset-groupe1-bucket2-1dfc",
            "storage_class": "STANDARD",
            "terraform_labels": {},
            "timeouts": null,
            "uniform_bucket_level_access": false,
            "url": "gs://insset-groupe1-bucket2-1dfc",
            "versioning": [],
            "website": []
          },
          "sensitive_attributes": [],
          "private": "eyJlMmJmYjczMC1lY2FhLTExZTYtOGY4OC0zNDM2M2JjN2M0YzAiOnsiY3JlYXRlIjo2MDAwMDAwMDAwMDAsInJlYWQiOjI0MDAwMDAwMDAwMCwidXBkYXRlIjoyNDAwMDAwMDAwMDB9LCJzY2hlbWFfdmVyc2lvbiI6IjEifQ==",
          "dependencies": [
            "random_id.random_suffix"
          ]
        }
      ]
    },
    {
      "module": "module.bucket3",
      "mode": "managed",
      "type": "google_storage_bucket",
      "name": "bucket",
      "provider": "module.bucket3.provider[\"registry.terraform.io/hashicorp/google\"]",
      "instances": [
        {
          "schema_version": 1,
          "attributes": {
            "autoclass": [],
            "cors": [],
            "custom_placement_config": [],
            "default_event_based_hold": false,
            "effective_labels": {},
            "enable_object_retention": false,
            "encryption": [],
            "force_destroy": true,
            "id": "insset-groupe1-bucket3-1dfc",
            "labels": null,
            "lifecycle_rule": [],
            "location": "US-CENTRAL1",
            "logging": [],
            "name": "insset-groupe1-bucket3-1dfc",
            "project": "projet-vendredi",
            "public_access_prevention": "enforced",
            "requester_pays": false,
            "retention_policy": [],
            "rpo": null,
            "self_link": "https://www.googleapis.com/storage/v1/b/insset-groupe1-bucket3-1dfc",
            "storage_class": "STANDARD",
            "terraform_labels": {},
            "timeouts": null,
            "uniform_bucket_level_access": false,
            "url": "gs://insset-groupe1-bucket3-1dfc",
            "versioning": [],
            "website": []
          },
          "sensitive_attributes": [],
          "private": "eyJlMmJmYjczMC1lY2FhLTExZTYtOGY4OC0zNDM2M2JjN2M0YzAiOnsiY3JlYXRlIjo2MDAwMDAwMDAwMDAsInJlYWQiOjI0MDAwMDAwMDAwMCwidXBkYXRlIjoyNDAwMDAwMDAwMDB9LCJzY2hlbWFfdmVyc2lvbiI6IjEifQ==",
          "dependencies": [
            "random_id.random_suffix"
          ]
        }
      ]
    },
    {
      "module": "module.cloud-sql",
      "mode": "managed",
      "type": "google_sql_database",
      "name": "database",
      "provider": "module.cloud-sql.provider[\"registry.terraform.io/hashicorp/google\"]",
      "instances": [
        {
          "schema_version": 0,
          "attributes": {
            "charset": "UTF8",
            "collation": "en_US.UTF8",
            "deletion_policy": "DELETE",
            "id": "projects/projet-vendredi/instances/postgres-instance-001/databases/projet-database",
            "instance": "postgres-instance-001",
            "name": "projet-database",
            "project": "projet-vendredi",
            "self_link": "https://sqladmin.googleapis.com/sql/v1beta4/projects/projet-vendredi/instances/postgres-instance-001/databases/projet-database",
            "timeouts": null
          },
          "sensitive_attributes": [],
          "private": "eyJlMmJmYjczMC1lY2FhLTExZTYtOGY4OC0zNDM2M2JjN2M0YzAiOnsiY3JlYXRlIjoxMjAwMDAwMDAwMDAwLCJkZWxldGUiOjEyMDAwMDAwMDAwMDAsInVwZGF0ZSI6MTIwMDAwMDAwMDAwMH19",
          "dependencies": [
            "module.cloud-sql.google_sql_database_instance.postgres-db"
          ]
        }
      ]
    },
    {
      "module": "module.cloud-sql",
      "mode": "managed",
      "type": "google_sql_database_instance",
      "name": "postgres-db",
      "provider": "module.cloud-sql.provider[\"registry.terraform.io/hashicorp/google\"]",
      "instances": [
        {
          "schema_version": 0,
          "attributes": {
            "available_maintenance_versions": [],
            "clone": [],
            "connection_name": "projet-vendredi:us-central1:postgres-instance-001",
            "database_version": "POSTGRES_15",
            "deletion_protection": true,
            "dns_name": "",
            "encryption_key_name": null,
            "first_ip_address": "35.188.9.186",
            "id": "postgres-instance-001",
            "instance_type": "CLOUD_SQL_INSTANCE",
            "ip_address": [
              {
                "ip_address": "35.188.9.186",
                "time_to_retire": "",
                "type": "PRIMARY"
              },
              {
                "ip_address": "34.30.211.150",
                "time_to_retire": "",
                "type": "OUTGOING"
              }
            ],
            "maintenance_version": "POSTGRES_15_4.R20230830.01_07",
            "master_instance_name": "",
            "name": "postgres-instance-001",
            "private_ip_address": "",
            "project": "projet-vendredi",
            "psc_service_attachment_link": "",
            "public_ip_address": "35.188.9.186",
            "region": "us-central1",
            "replica_configuration": [],
            "restore_backup_context": [],
            "root_password": null,
            "self_link": "https://sqladmin.googleapis.com/sql/v1beta4/projects/projet-vendredi/instances/postgres-instance-001",
            "server_ca_cert": [
              {
                "cert": "-----BEGIN CERTIFICATE-----\nMIIDfzCCAmegAwIBAgIBADANBgkqhkiG9w0BAQsFADB3MS0wKwYDVQQuEyRhYzI1\nMTg0YS03ZjY1LTQyOTctODRjMi00YWE2ZWRlZWUxYzcxIzAhBgNVBAMTGkdvb2ds\nZSBDbG91ZCBTUUwgU2VydmVyIENBMRQwEgYDVQQKEwtHb29nbGUsIEluYzELMAkG\nA1UEBhMCVVMwHhcNMjQwMTEyMTM1MjU2WhcNMzQwMTA5MTM1MzU2WjB3MS0wKwYD\nVQQuEyRhYzI1MTg0YS03ZjY1LTQyOTctODRjMi00YWE2ZWRlZWUxYzcxIzAhBgNV\nBAMTGkdvb2dsZSBDbG91ZCBTUUwgU2VydmVyIENBMRQwEgYDVQQKEwtHb29nbGUs\nIEluYzELMAkGA1UEBhMCVVMwggEiMA0GCSqGSIb3DQEBAQUAA4IBDwAwggEKAoIB\nAQCCkjbh7MZu1KpNGFpkj1jONYxOuI46rFI/PAer/iydBIkcSXNb1elIUrNX12qj\npAkA4hzrtP+qF3gfpw7ymuJbxgn0+5z7ML+086s6iHDV6cPOPJWfBw31Ef4j2wyn\np4HqvnWOw2W53HgL5xG8E+qv1q8gIQ/5IAzKymriv2XGK8Alu6qXTP0OzU1U4J8B\nWmvQWQYRt/ycEmlp2X8P1lNGCpxu79NHDtZblw/wminYYdIYhTyYsvwWtmohjaNa\naOixo2D8vB8NL2PKZ27tUvW0CcQIP6Xdy2KrGZ/XejVK5sIGLnST3BfgtMRF9KjD\nhgRLvJhNEGJKx1TpyuGX42OvAgMBAAGjFjAUMBIGA1UdEwEB/wQIMAYBAf8CAQAw\nDQYJKoZIhvcNAQELBQADggEBABih8BEw3zDr7je524RkdV2mhOO8RkMfZdHmvAbf\n3wzjhRSacbjgBkYE7U85rJHGZRfbbZwMIpcET0gauZCuVr/eziLbTna9BA84EB1m\npfMqDc8t5ofllu3d4mZkgJJdhHrIoE5Cl/MFNAww/JbwDqgCOrFE0UQzgHjaU0Kl\nzN1pVLhIzZng0NsdEEMT5HbG+oDmXgCXwB+8a4pTty+0i+Dyly/FV9YXhnCcIst9\nTeR/a+w8rsaxK32VbTnOXfLBU9DqJgVXTe53gMsCt1vc0X7KD0iL97Y4Qtylpxm+\nJVUO2P3olVPvkZh+tKxA8VKosIbV5r2DnNsCG3VzLS2Ju64=\n-----END CERTIFICATE-----",
                "common_name": "C=US,O=Google\\, Inc,CN=Google Cloud SQL Server CA,dnQualifier=ac25184a-7f65-4297-84c2-4aa6edeee1c7",
                "create_time": "2024-01-12T13:52:56.418Z",
                "expiration_time": "2034-01-09T13:53:56.418Z",
                "sha1_fingerprint": "5f73f4a3fef4f8af79a9871bc08c6d94dadcac42"
              }
            ],
            "service_account_email_address": "p363128733664-rftotg@gcp-sa-cloud-sql.iam.gserviceaccount.com",
            "settings": [
              {
                "activation_policy": "ALWAYS",
                "active_directory_config": [],
                "advanced_machine_features": [],
                "availability_type": "ZONAL",
                "backup_configuration": [
                  {
                    "backup_retention_settings": [
                      {
                        "retained_backups": 7,
                        "retention_unit": "COUNT"
                      }
                    ],
                    "binary_log_enabled": false,
                    "enabled": false,
                    "location": "",
                    "point_in_time_recovery_enabled": false,
                    "start_time": "16:00",
                    "transaction_log_retention_days": 7
                  }
                ],
                "collation": "",
                "connector_enforcement": "NOT_REQUIRED",
                "data_cache_config": [],
                "database_flags": [],
                "deletion_protection_enabled": false,
                "deny_maintenance_period": [],
                "disk_autoresize": true,
                "disk_autoresize_limit": 0,
                "disk_size": 10,
                "disk_type": "PD_SSD",
                "edition": "ENTERPRISE",
                "insights_config": [],
                "ip_configuration": [
                  {
                    "allocated_ip_range": "",
                    "authorized_networks": [],
                    "enable_private_path_for_google_cloud_services": false,
                    "ipv4_enabled": true,
                    "private_network": "",
                    "psc_config": [],
                    "require_ssl": false,
                    "ssl_mode": ""
                  }
                ],
                "location_preference": [
                  {
                    "follow_gae_application": "",
                    "secondary_zone": "",
                    "zone": "us-central1-c"
                  }
                ],
                "maintenance_window": [],
                "password_validation_policy": [],
                "pricing_plan": "PER_USE",
                "sql_server_audit_config": [],
                "tier": "db-g1-small",
                "time_zone": "",
                "user_labels": {},
                "version": 1
              }
            ],
            "timeouts": null
          },
          "sensitive_attributes": [],
          "private": "eyJlMmJmYjczMC1lY2FhLTExZTYtOGY4OC0zNDM2M2JjN2M0YzAiOnsiY3JlYXRlIjoyNDAwMDAwMDAwMDAwLCJkZWxldGUiOjE4MDAwMDAwMDAwMDAsInVwZGF0ZSI6MTgwMDAwMDAwMDAwMH19"
        }
      ]
    },
    {
      "module": "module.cloud-sql",
      "mode": "managed",
      "type": "google_sql_user",
      "name": "user",
      "provider": "module.cloud-sql.provider[\"registry.terraform.io/hashicorp/google\"]",
      "instances": [
        {
          "schema_version": 1,
          "attributes": {
            "deletion_policy": null,
            "host": "",
            "id": "user//postgres-instance-001",
            "instance": "postgres-instance-001",
            "name": "user",
            "password": "}S0A:ynV$cIb6:oh",
            "password_policy": [],
            "project": "projet-vendredi",
            "sql_server_user_details": [],
            "timeouts": null,
            "type": ""
          },
          "sensitive_attributes": [
            [
              {
                "type": "get_attr",
                "value": "password"
              }
            ]
          ],
          "private": "eyJlMmJmYjczMC1lY2FhLTExZTYtOGY4OC0zNDM2M2JjN2M0YzAiOnsiY3JlYXRlIjo2MDAwMDAwMDAwMDAsImRlbGV0ZSI6NjAwMDAwMDAwMDAwLCJ1cGRhdGUiOjYwMDAwMDAwMDAwMH0sInNjaGVtYV92ZXJzaW9uIjoiMSJ9",
          "dependencies": [
            "module.cloud-sql.google_sql_database_instance.postgres-db",
            "module.cloud-sql.random_password.db_password"
          ]
        }
      ]
    },
    {
      "module": "module.cloud-sql",
      "mode": "managed",
      "type": "random_password",
      "name": "db_password",
      "provider": "provider[\"registry.terraform.io/hashicorp/random\"]",
      "instances": [
        {
          "schema_version": 3,
          "attributes": {
            "bcrypt_hash": "$2a$10$Ov4TJH1Nz4ONQ.ptaO.yCePP4HL7TEx/LupI3fLNm8Y/50GBVS5sO",
            "id": "none",
            "keepers": null,
            "length": 16,
            "lower": true,
            "min_lower": 0,
            "min_numeric": 0,
            "min_special": 0,
            "min_upper": 0,
            "number": true,
            "numeric": true,
            "override_special": "!#$%\u0026*()-_=+[]{}\u003c\u003e:?",
            "result": "}S0A:ynV$cIb6:oh",
            "special": true,
            "upper": true
          },
          "sensitive_attributes": []
        }
      ]
    },
    {
      "module": "module.iam",
      "mode": "managed",
      "type": "google_project_iam_member",
      "name": "member",
      "provider": "module.iam.provider[\"registry.terraform.io/hashicorp/google\"]",
      "instances": []
    },
    {
      "module": "module.instance-bastion",
      "mode": "managed",
      "type": "google_compute_instance",
      "name": "moninstance1",
      "provider": "module.instance-bastion.provider[\"registry.terraform.io/hashicorp/google\"]",
      "instances": []
    },
    {
      "module": "module.secret-manager-db",
      "mode": "managed",
      "type": "google_secret_manager_secret_version",
      "name": "secret_version",
      "provider": "module.secret-manager-db.provider[\"registry.terraform.io/hashicorp/google\"]",
      "instances": []
    },
    {
      "module": "module.secret-manager-iam",
      "mode": "managed",
      "type": "google_secret_manager_secret_version",
      "name": "secret_version",
      "provider": "module.secret-manager-iam.provider[\"registry.terraform.io/hashicorp/google\"]",
      "instances": []
    },
    {
      "module": "module.vpc",
      "mode": "managed",
      "type": "google_compute_firewall",
      "name": "rule-allow-all-ssh-to-app",
      "provider": "module.vpc.provider[\"registry.terraform.io/hashicorp/google\"]",
      "instances": []
    },
    {
      "module": "module.vpc",
      "mode": "managed",
      "type": "google_compute_firewall",
      "name": "rule-allow-all-ssh-to-bastion",
      "provider": "module.vpc.provider[\"registry.terraform.io/hashicorp/google\"]",
      "instances": []
    },
    {
      "module": "module.vpc",
      "mode": "managed",
      "type": "google_compute_firewall",
      "name": "rule-allow-bastion-ssh-to-app",
      "provider": "module.vpc.provider[\"registry.terraform.io/hashicorp/google\"]",
      "instances": []
    },
    {
      "module": "module.vpc",
      "mode": "managed",
      "type": "google_compute_firewall",
      "name": "rule-deny-all",
      "provider": "module.vpc.provider[\"registry.terraform.io/hashicorp/google\"]",
      "instances": []
    },
    {
      "module": "module.vpc",
      "mode": "managed",
      "type": "google_compute_subnetwork",
      "name": "subnet_network",
      "provider": "module.vpc.provider[\"registry.terraform.io/hashicorp/google\"]",
      "instances": []
    }
  ],
  "check_results": []
}
