{
  "version": 4,
  "terraform_version": "1.3.1",
  "serial": 242,
  "lineage": "0d98ea61-8c05-3a4a-67ae-0067598e50b7",
  "outputs": {},
  "resources": [
    {
      "mode": "managed",
      "type": "google_compute_firewall",
      "name": "rule1",
      "provider": "provider[\"registry.terraform.io/hashicorp/google\"]",
      "instances": [
        {
          "schema_version": 1,
          "attributes": {
            "allow": [
              {
                "ports": [
                  "80"
                ],
                "protocol": "tcp"
              }
            ],
            "creation_timestamp": "2024-01-11T01:49:08.831-08:00",
            "deny": [],
            "description": "",
            "destination_ranges": [],
            "direction": "INGRESS",
            "disabled": false,
            "enable_logging": null,
            "id": "projects/analog-bot-410808/global/firewalls/vpc1-allow-http-to-app",
            "log_config": [],
            "name": "vpc1-allow-http-to-app",
            "network": "https://www.googleapis.com/compute/v1/projects/analog-bot-410808/global/networks/vpc-tp-mercredi-001",
            "priority": 1001,
            "project": "analog-bot-410808",
            "self_link": "https://www.googleapis.com/compute/v1/projects/analog-bot-410808/global/firewalls/vpc1-allow-http-to-app",
            "source_ranges": [
              "0.0.0.0/0"
            ],
            "source_service_accounts": [],
            "source_tags": [],
            "target_service_accounts": [],
            "target_tags": [
              "app"
            ],
            "timeouts": null
          },
          "sensitive_attributes": [],
          "private": "eyJlMmJmYjczMC1lY2FhLTExZTYtOGY4OC0zNDM2M2JjN2M0YzAiOnsiY3JlYXRlIjoxMjAwMDAwMDAwMDAwLCJkZWxldGUiOjEyMDAwMDAwMDAwMDAsInVwZGF0ZSI6MTIwMDAwMDAwMDAwMH0sInNjaGVtYV92ZXJzaW9uIjoiMSJ9",
          "dependencies": [
            "module.vpc_instance_1.google_compute_network.vpc_network_test_1"
          ]
        }
      ]
    },
    {
      "mode": "managed",
      "type": "google_compute_firewall",
      "name": "rule2",
      "provider": "provider[\"registry.terraform.io/hashicorp/google\"]",
      "instances": [
        {
          "schema_version": 1,
          "attributes": {
            "allow": [
              {
                "ports": [
                  "22"
                ],
                "protocol": "tcp"
              }
            ],
            "creation_timestamp": "2024-01-11T01:49:08.973-08:00",
            "deny": [],
            "description": "",
            "destination_ranges": [],
            "direction": "INGRESS",
            "disabled": false,
            "enable_logging": null,
            "id": "projects/analog-bot-410808/global/firewalls/vpc1-allow-bastion-to-app",
            "log_config": [],
            "name": "vpc1-allow-bastion-to-app",
            "network": "https://www.googleapis.com/compute/v1/projects/analog-bot-410808/global/networks/vpc-tp-mercredi-001",
            "priority": 1002,
            "project": "analog-bot-410808",
            "self_link": "https://www.googleapis.com/compute/v1/projects/analog-bot-410808/global/firewalls/vpc1-allow-bastion-to-app",
            "source_ranges": [],
            "source_service_accounts": [],
            "source_tags": [
              "bastion"
            ],
            "target_service_accounts": [],
            "target_tags": [
              "app"
            ],
            "timeouts": null
          },
          "sensitive_attributes": [],
          "private": "eyJlMmJmYjczMC1lY2FhLTExZTYtOGY4OC0zNDM2M2JjN2M0YzAiOnsiY3JlYXRlIjoxMjAwMDAwMDAwMDAwLCJkZWxldGUiOjEyMDAwMDAwMDAwMDAsInVwZGF0ZSI6MTIwMDAwMDAwMDAwMH0sInNjaGVtYV92ZXJzaW9uIjoiMSJ9",
          "dependencies": [
            "module.vpc_instance_1.google_compute_network.vpc_network_test_1"
          ]
        }
      ]
    },
    {
      "mode": "managed",
      "type": "google_compute_firewall",
      "name": "rule3",
      "provider": "provider[\"registry.terraform.io/hashicorp/google\"]",
      "instances": [
        {
          "schema_version": 1,
          "attributes": {
            "allow": [
              {
                "ports": [
                  "22"
                ],
                "protocol": "tcp"
              }
            ],
            "creation_timestamp": "2024-01-11T01:49:08.965-08:00",
            "deny": [],
            "description": "",
            "destination_ranges": [],
            "direction": "INGRESS",
            "disabled": false,
            "enable_logging": null,
            "id": "projects/analog-bot-410808/global/firewalls/vpc1-allow-all-ssh-to-bastion",
            "log_config": [],
            "name": "vpc1-allow-all-ssh-to-bastion",
            "network": "https://www.googleapis.com/compute/v1/projects/analog-bot-410808/global/networks/vpc-tp-mercredi-001",
            "priority": 1003,
            "project": "analog-bot-410808",
            "self_link": "https://www.googleapis.com/compute/v1/projects/analog-bot-410808/global/firewalls/vpc1-allow-all-ssh-to-bastion",
            "source_ranges": [
              "0.0.0.0/0"
            ],
            "source_service_accounts": [],
            "source_tags": [],
            "target_service_accounts": [],
            "target_tags": [
              "bastion"
            ],
            "timeouts": null
          },
          "sensitive_attributes": [],
          "private": "eyJlMmJmYjczMC1lY2FhLTExZTYtOGY4OC0zNDM2M2JjN2M0YzAiOnsiY3JlYXRlIjoxMjAwMDAwMDAwMDAwLCJkZWxldGUiOjEyMDAwMDAwMDAwMDAsInVwZGF0ZSI6MTIwMDAwMDAwMDAwMH0sInNjaGVtYV92ZXJzaW9uIjoiMSJ9",
          "dependencies": [
            "module.vpc_instance_1.google_compute_network.vpc_network_test_1"
          ]
        }
      ]
    },
    {
      "mode": "managed",
      "type": "google_compute_firewall",
      "name": "vcp2-rule1",
      "provider": "provider[\"registry.terraform.io/hashicorp/google\"]",
      "instances": [
        {
          "schema_version": 1,
          "attributes": {
            "allow": [
              {
                "ports": [
                  "22"
                ],
                "protocol": "tcp"
              }
            ],
            "creation_timestamp": "2024-01-11T01:54:58.286-08:00",
            "deny": [],
            "description": "",
            "destination_ranges": [
              "10.0.20.0/24"
            ],
            "direction": "INGRESS",
            "disabled": false,
            "enable_logging": null,
            "id": "projects/analog-bot-410808/global/firewalls/vpc2-allow-all-ssh-from-bastion-to-vcp-2",
            "log_config": [],
            "name": "vpc2-allow-all-ssh-from-bastion-to-vcp-2",
            "network": "https://www.googleapis.com/compute/v1/projects/analog-bot-410808/global/networks/vpc-tp2-mercredi-002",
            "priority": 1001,
            "project": "analog-bot-410808",
            "self_link": "https://www.googleapis.com/compute/v1/projects/analog-bot-410808/global/firewalls/vpc2-allow-all-ssh-from-bastion-to-vcp-2",
            "source_ranges": [
              "10.0.10.0/24"
            ],
            "source_service_accounts": [],
            "source_tags": [],
            "target_service_accounts": [],
            "target_tags": [],
            "timeouts": null
          },
          "sensitive_attributes": [],
          "private": "eyJlMmJmYjczMC1lY2FhLTExZTYtOGY4OC0zNDM2M2JjN2M0YzAiOnsiY3JlYXRlIjoxMjAwMDAwMDAwMDAwLCJkZWxldGUiOjEyMDAwMDAwMDAwMDAsInVwZGF0ZSI6MTIwMDAwMDAwMDAwMH0sInNjaGVtYV92ZXJzaW9uIjoiMSJ9",
          "dependencies": [
            "module.vpc_instance_2.google_compute_network.vpc_network_test_1"
          ]
        }
      ]
    },
    {
      "mode": "managed",
      "type": "google_compute_network_peering",
      "name": "peering1",
      "provider": "provider[\"registry.terraform.io/hashicorp/google\"]",
      "instances": [
        {
          "schema_version": 0,
          "attributes": {
            "export_custom_routes": false,
            "export_subnet_routes_with_public_ip": true,
            "id": "vpc-tp-mercredi-001/peering1",
            "import_custom_routes": false,
            "import_subnet_routes_with_public_ip": false,
            "name": "peering1",
            "network": "https://www.googleapis.com/compute/v1/projects/analog-bot-410808/global/networks/vpc-tp-mercredi-001",
            "peer_network": "https://www.googleapis.com/compute/v1/projects/analog-bot-410808/global/networks/vpc-tp2-mercredi-002",
            "stack_type": "IPV4_ONLY",
            "state": "ACTIVE",
            "state_details": "[2024-01-11T01:49:22.504-08:00]: Connected.",
            "timeouts": null
          },
          "sensitive_attributes": [],
          "private": "eyJlMmJmYjczMC1lY2FhLTExZTYtOGY4OC0zNDM2M2JjN2M0YzAiOnsiY3JlYXRlIjoyNDAwMDAwMDAwMDAsImRlbGV0ZSI6MjQwMDAwMDAwMDAwLCJ1cGRhdGUiOjI0MDAwMDAwMDAwMH19",
          "dependencies": [
            "module.vpc_instance_1.google_compute_network.vpc_network_test_1",
            "module.vpc_instance_2.google_compute_network.vpc_network_test_1"
          ]
        }
      ]
    },
    {
      "mode": "managed",
      "type": "google_compute_network_peering",
      "name": "peering2",
      "provider": "provider[\"registry.terraform.io/hashicorp/google\"]",
      "instances": [
        {
          "schema_version": 0,
          "attributes": {
            "export_custom_routes": false,
            "export_subnet_routes_with_public_ip": true,
            "id": "vpc-tp2-mercredi-002/peering2",
            "import_custom_routes": false,
            "import_subnet_routes_with_public_ip": false,
            "name": "peering2",
            "network": "https://www.googleapis.com/compute/v1/projects/analog-bot-410808/global/networks/vpc-tp2-mercredi-002",
            "peer_network": "https://www.googleapis.com/compute/v1/projects/analog-bot-410808/global/networks/vpc-tp-mercredi-001",
            "stack_type": "IPV4_ONLY",
            "state": "ACTIVE",
            "state_details": "[2024-01-11T01:49:22.504-08:00]: Connected.",
            "timeouts": null
          },
          "sensitive_attributes": [],
          "private": "eyJlMmJmYjczMC1lY2FhLTExZTYtOGY4OC0zNDM2M2JjN2M0YzAiOnsiY3JlYXRlIjoyNDAwMDAwMDAwMDAsImRlbGV0ZSI6MjQwMDAwMDAwMDAwLCJ1cGRhdGUiOjI0MDAwMDAwMDAwMH19",
          "dependencies": [
            "module.vpc_instance_1.google_compute_network.vpc_network_test_1",
            "module.vpc_instance_2.google_compute_network.vpc_network_test_1"
          ]
        }
      ]
    },
    {
      "module": "module.disk",
      "mode": "managed",
      "type": "google_compute_attached_disk",
      "name": "disk-attachement",
      "provider": "module.disk.provider[\"registry.terraform.io/hashicorp/google\"]",
      "instances": [
        {
          "schema_version": 0,
          "attributes": {
            "device_name": "persistent-disk-1",
            "disk": "projects/analog-bot-410808/zones/us-central1-a/disks/disk-app-001",
            "id": "projects/analog-bot-410808/zones/us-central1-a/instances/app/disk-app-001",
            "instance": "projects/analog-bot-410808/zones/us-central1-a/instances/app",
            "mode": "READ_WRITE",
            "project": "analog-bot-410808",
            "timeouts": null,
            "zone": "us-central1-a"
          },
          "sensitive_attributes": [],
          "private": "eyJlMmJmYjczMC1lY2FhLTExZTYtOGY4OC0zNDM2M2JjN2M0YzAiOnsiY3JlYXRlIjozMDAwMDAwMDAwMDAsImRlbGV0ZSI6MzAwMDAwMDAwMDAwfX0=",
          "dependencies": [
            "module.disk.google_compute_disk.tp_disk",
            "module.instance2.google_compute_instance.moninstance1",
            "module.vpc_instance_1.google_compute_network.vpc_network_test_1",
            "module.vpc_instance_1.google_compute_subnetwork.subnet_test"
          ]
        }
      ]
    },
    {
      "module": "module.disk",
      "mode": "managed",
      "type": "google_compute_disk",
      "name": "tp_disk",
      "provider": "module.disk.provider[\"registry.terraform.io/hashicorp/google\"]",
      "instances": [
        {
          "schema_version": 0,
          "attributes": {
            "async_primary_disk": [],
            "creation_timestamp": "2024-01-11T01:00:39.966-08:00",
            "description": "",
            "disk_encryption_key": [],
            "effective_labels": {},
            "guest_os_features": [],
            "id": "projects/analog-bot-410808/zones/us-central1-a/disks/disk-app-001",
            "image": "",
            "label_fingerprint": "42WmSpB8rSM=",
            "labels": {},
            "last_attach_timestamp": "2024-01-11T01:51:47.301-08:00",
            "last_detach_timestamp": "2024-01-11T01:55:01.922-08:00",
            "licenses": [],
            "name": "disk-app-001",
            "physical_block_size_bytes": 4096,
            "project": "analog-bot-410808",
            "provisioned_iops": 0,
            "provisioned_throughput": 0,
            "self_link": "https://www.googleapis.com/compute/v1/projects/analog-bot-410808/zones/us-central1-a/disks/disk-app-001",
            "size": 1,
            "snapshot": "",
            "source_disk": "",
            "source_disk_id": "",
            "source_image_encryption_key": [],
            "source_image_id": "",
            "source_snapshot_encryption_key": [],
            "source_snapshot_id": "",
            "terraform_labels": {},
            "timeouts": null,
            "type": "pd-standard",
            "users": [],
            "zone": "us-central1-a"
          },
          "sensitive_attributes": [],
          "private": "eyJlMmJmYjczMC1lY2FhLTExZTYtOGY4OC0zNDM2M2JjN2M0YzAiOnsiY3JlYXRlIjoxMjAwMDAwMDAwMDAwLCJkZWxldGUiOjEyMDAwMDAwMDAwMDAsInVwZGF0ZSI6MTIwMDAwMDAwMDAwMH19"
        }
      ]
    },
    {
      "module": "module.instance1",
      "mode": "managed",
      "type": "google_compute_instance",
      "name": "moninstance1",
      "provider": "module.instance1.provider[\"registry.terraform.io/hashicorp/google\"]",
      "instances": [
        {
          "schema_version": 6,
          "attributes": {
            "advanced_machine_features": [],
            "allow_stopping_for_update": null,
            "attached_disk": [],
            "boot_disk": [
              {
                "auto_delete": true,
                "device_name": "persistent-disk-0",
                "disk_encryption_key_raw": "",
                "disk_encryption_key_sha256": "",
                "initialize_params": [
                  {
                    "image": "https://www.googleapis.com/compute/v1/projects/debian-cloud/global/images/debian-11-bullseye-v20240110",
                    "labels": {},
                    "provisioned_iops": 0,
                    "provisioned_throughput": 0,
                    "resource_manager_tags": {},
                    "size": 10,
                    "type": "pd-standard"
                  }
                ],
                "kms_key_self_link": "",
                "mode": "READ_WRITE",
                "source": "https://www.googleapis.com/compute/v1/projects/analog-bot-410808/zones/us-central1-a/disks/bastion"
              }
            ],
            "can_ip_forward": false,
            "confidential_instance_config": [],
            "cpu_platform": "Intel Broadwell",
            "current_status": "RUNNING",
            "deletion_protection": false,
            "description": "",
            "desired_status": null,
            "effective_labels": {},
            "enable_display": false,
            "guest_accelerator": [],
            "hostname": "",
            "id": "projects/analog-bot-410808/zones/us-central1-a/instances/bastion",
            "instance_id": "3057867321750196360",
            "label_fingerprint": "42WmSpB8rSM=",
            "labels": {},
            "machine_type": "e2-medium",
            "metadata": {
              "ssh-keys": "florian.tellier02:ssh-ed25519 AAAAC3NzaC1lZDI1NTE5AAAAIGmlBm2CIRAax7AeOGCejk97Grbi/Vb+M8SbbgsHN1lu florian.tellier02@gmail.com"
            },
            "metadata_fingerprint": "6JBCJoG5TBs=",
            "metadata_startup_script": null,
            "min_cpu_platform": "",
            "name": "bastion",
            "network_interface": [
              {
                "access_config": [
                  {
                    "nat_ip": "35.238.99.151",
                    "network_tier": "PREMIUM",
                    "public_ptr_domain_name": ""
                  }
                ],
                "alias_ip_range": [],
                "internal_ipv6_prefix_length": 0,
                "ipv6_access_config": [],
                "ipv6_access_type": "",
                "ipv6_address": "",
                "name": "nic0",
                "network": "https://www.googleapis.com/compute/v1/projects/analog-bot-410808/global/networks/vpc-tp-mercredi-001",
                "network_ip": "10.0.10.3",
                "nic_type": "",
                "queue_count": 0,
                "stack_type": "IPV4_ONLY",
                "subnetwork": "https://www.googleapis.com/compute/v1/projects/analog-bot-410808/regions/us-central1/subnetworks/subnetwork-tp-mercredi-001",
                "subnetwork_project": "analog-bot-410808"
              }
            ],
            "network_performance_config": [],
            "params": [],
            "project": "analog-bot-410808",
            "reservation_affinity": [],
            "resource_policies": [],
            "scheduling": [
              {
                "automatic_restart": true,
                "instance_termination_action": "",
                "local_ssd_recovery_timeout": [],
                "min_node_cpus": 0,
                "node_affinities": [],
                "on_host_maintenance": "MIGRATE",
                "preemptible": false,
                "provisioning_model": "STANDARD"
              }
            ],
            "scratch_disk": [],
            "self_link": "https://www.googleapis.com/compute/v1/projects/analog-bot-410808/zones/us-central1-a/instances/bastion",
            "service_account": [],
            "shielded_instance_config": [
              {
                "enable_integrity_monitoring": true,
                "enable_secure_boot": false,
                "enable_vtpm": true
              }
            ],
            "tags": [
              "bastion"
            ],
            "tags_fingerprint": "NfTTNVh6sLU=",
            "terraform_labels": {},
            "timeouts": null,
            "zone": "us-central1-a"
          },
          "sensitive_attributes": [],
          "private": "eyJlMmJmYjczMC1lY2FhLTExZTYtOGY4OC0zNDM2M2JjN2M0YzAiOnsiY3JlYXRlIjoxMjAwMDAwMDAwMDAwLCJkZWxldGUiOjEyMDAwMDAwMDAwMDAsInVwZGF0ZSI6MTIwMDAwMDAwMDAwMH0sInNjaGVtYV92ZXJzaW9uIjoiNiJ9",
          "dependencies": [
            "module.vpc_instance_1.google_compute_network.vpc_network_test_1",
            "module.vpc_instance_1.google_compute_subnetwork.subnet_test"
          ]
        }
      ]
    },
    {
      "module": "module.instance2",
      "mode": "managed",
      "type": "google_compute_instance",
      "name": "moninstance1",
      "provider": "module.instance2.provider[\"registry.terraform.io/hashicorp/google\"]",
      "instances": [
        {
          "schema_version": 6,
          "attributes": {
            "advanced_machine_features": [],
            "allow_stopping_for_update": null,
            "attached_disk": [],
            "boot_disk": [
              {
                "auto_delete": true,
                "device_name": "persistent-disk-0",
                "disk_encryption_key_raw": "",
                "disk_encryption_key_sha256": "",
                "initialize_params": [
                  {
                    "image": "https://www.googleapis.com/compute/v1/projects/debian-cloud/global/images/debian-11-bullseye-v20240110",
                    "labels": {},
                    "provisioned_iops": 0,
                    "provisioned_throughput": 0,
                    "resource_manager_tags": {},
                    "size": 10,
                    "type": "pd-standard"
                  }
                ],
                "kms_key_self_link": "",
                "mode": "READ_WRITE",
                "source": "https://www.googleapis.com/compute/v1/projects/analog-bot-410808/zones/us-central1-a/disks/app"
              }
            ],
            "can_ip_forward": false,
            "confidential_instance_config": [],
            "cpu_platform": "Intel Broadwell",
            "current_status": "RUNNING",
            "deletion_protection": false,
            "description": "",
            "desired_status": null,
            "effective_labels": {},
            "enable_display": false,
            "guest_accelerator": [],
            "hostname": "",
            "id": "projects/analog-bot-410808/zones/us-central1-a/instances/app",
            "instance_id": "1320504435783372937",
            "label_fingerprint": "42WmSpB8rSM=",
            "labels": {},
            "machine_type": "e2-medium",
            "metadata": {
              "ssh-keys": "florian.tellier02:ssh-ed25519 AAAAC3NzaC1lZDI1NTE5AAAAIGmlBm2CIRAax7AeOGCejk97Grbi/Vb+M8SbbgsHN1lu florian.tellier02@gmail.com"
            },
            "metadata_fingerprint": "6JBCJoG5TBs=",
            "metadata_startup_script": null,
            "min_cpu_platform": "",
            "name": "app",
            "network_interface": [
              {
                "access_config": [
                  {
                    "nat_ip": "35.193.128.53",
                    "network_tier": "PREMIUM",
                    "public_ptr_domain_name": ""
                  }
                ],
                "alias_ip_range": [],
                "internal_ipv6_prefix_length": 0,
                "ipv6_access_config": [],
                "ipv6_access_type": "",
                "ipv6_address": "",
                "name": "nic0",
                "network": "https://www.googleapis.com/compute/v1/projects/analog-bot-410808/global/networks/vpc-tp-mercredi-001",
                "network_ip": "10.0.10.2",
                "nic_type": "",
                "queue_count": 0,
                "stack_type": "IPV4_ONLY",
                "subnetwork": "https://www.googleapis.com/compute/v1/projects/analog-bot-410808/regions/us-central1/subnetworks/subnetwork-tp-mercredi-001",
                "subnetwork_project": "analog-bot-410808"
              }
            ],
            "network_performance_config": [],
            "params": [],
            "project": "analog-bot-410808",
            "reservation_affinity": [],
            "resource_policies": [],
            "scheduling": [
              {
                "automatic_restart": true,
                "instance_termination_action": "",
                "local_ssd_recovery_timeout": [],
                "min_node_cpus": 0,
                "node_affinities": [],
                "on_host_maintenance": "MIGRATE",
                "preemptible": false,
                "provisioning_model": "STANDARD"
              }
            ],
            "scratch_disk": [],
            "self_link": "https://www.googleapis.com/compute/v1/projects/analog-bot-410808/zones/us-central1-a/instances/app",
            "service_account": [],
            "shielded_instance_config": [
              {
                "enable_integrity_monitoring": true,
                "enable_secure_boot": false,
                "enable_vtpm": true
              }
            ],
            "tags": [
              "app"
            ],
            "tags_fingerprint": "-ITvvbWD_xo=",
            "terraform_labels": {},
            "timeouts": null,
            "zone": "us-central1-a"
          },
          "sensitive_attributes": [],
          "private": "eyJlMmJmYjczMC1lY2FhLTExZTYtOGY4OC0zNDM2M2JjN2M0YzAiOnsiY3JlYXRlIjoxMjAwMDAwMDAwMDAwLCJkZWxldGUiOjEyMDAwMDAwMDAwMDAsInVwZGF0ZSI6MTIwMDAwMDAwMDAwMH0sInNjaGVtYV92ZXJzaW9uIjoiNiJ9",
          "dependencies": [
            "module.vpc_instance_1.google_compute_network.vpc_network_test_1",
            "module.vpc_instance_1.google_compute_subnetwork.subnet_test"
          ]
        }
      ]
    },
    {
      "module": "module.instance3",
      "mode": "managed",
      "type": "google_compute_instance",
      "name": "moninstance1",
      "provider": "module.instance3.provider[\"registry.terraform.io/hashicorp/google\"]",
      "instances": [
        {
          "schema_version": 6,
          "attributes": {
            "advanced_machine_features": [],
            "allow_stopping_for_update": null,
            "attached_disk": [],
            "boot_disk": [
              {
                "auto_delete": true,
                "device_name": "persistent-disk-0",
                "disk_encryption_key_raw": "",
                "disk_encryption_key_sha256": "",
                "initialize_params": [
                  {
                    "image": "https://www.googleapis.com/compute/v1/projects/debian-cloud/global/images/debian-11-bullseye-v20240110",
                    "labels": {},
                    "provisioned_iops": 0,
                    "provisioned_throughput": 0,
                    "resource_manager_tags": null,
                    "size": 10,
                    "type": "pd-standard"
                  }
                ],
                "kms_key_self_link": "",
                "mode": "READ_WRITE",
                "source": "https://www.googleapis.com/compute/v1/projects/analog-bot-410808/zones/us-central1-a/disks/bd"
              }
            ],
            "can_ip_forward": false,
            "confidential_instance_config": [],
            "cpu_platform": "Intel Broadwell",
            "current_status": "RUNNING",
            "deletion_protection": false,
            "description": "",
            "desired_status": null,
            "effective_labels": {},
            "enable_display": false,
            "guest_accelerator": [],
            "hostname": "",
            "id": "projects/analog-bot-410808/zones/us-central1-a/instances/bd",
            "instance_id": "5181535174230410652",
            "label_fingerprint": "42WmSpB8rSM=",
            "labels": null,
            "machine_type": "e2-medium",
            "metadata": {
              "ssh-keys": "florian.tellier02:ssh-ed25519 AAAAC3NzaC1lZDI1NTE5AAAAIGmlBm2CIRAax7AeOGCejk97Grbi/Vb+M8SbbgsHN1lu florian.tellier02@gmail.com"
            },
            "metadata_fingerprint": "6JBCJoG5TBs=",
            "metadata_startup_script": null,
            "min_cpu_platform": "",
            "name": "bd",
            "network_interface": [
              {
                "access_config": [
                  {
                    "nat_ip": "34.30.40.90",
                    "network_tier": "PREMIUM",
                    "public_ptr_domain_name": ""
                  }
                ],
                "alias_ip_range": [],
                "internal_ipv6_prefix_length": 0,
                "ipv6_access_config": [],
                "ipv6_access_type": "",
                "ipv6_address": "",
                "name": "nic0",
                "network": "https://www.googleapis.com/compute/v1/projects/analog-bot-410808/global/networks/vpc-tp2-mercredi-002",
                "network_ip": "10.0.20.2",
                "nic_type": "",
                "queue_count": 0,
                "stack_type": "IPV4_ONLY",
                "subnetwork": "https://www.googleapis.com/compute/v1/projects/analog-bot-410808/regions/us-central1/subnetworks/subnetwork-tp2-mercredi-002",
                "subnetwork_project": "analog-bot-410808"
              }
            ],
            "network_performance_config": [],
            "params": [],
            "project": "analog-bot-410808",
            "reservation_affinity": [],
            "resource_policies": null,
            "scheduling": [
              {
                "automatic_restart": true,
                "instance_termination_action": "",
                "local_ssd_recovery_timeout": [],
                "min_node_cpus": 0,
                "node_affinities": [],
                "on_host_maintenance": "MIGRATE",
                "preemptible": false,
                "provisioning_model": "STANDARD"
              }
            ],
            "scratch_disk": [],
            "self_link": "https://www.googleapis.com/compute/v1/projects/analog-bot-410808/zones/us-central1-a/instances/bd",
            "service_account": [],
            "shielded_instance_config": [
              {
                "enable_integrity_monitoring": true,
                "enable_secure_boot": false,
                "enable_vtpm": true
              }
            ],
            "tags": [
              "bd"
            ],
            "tags_fingerprint": "a3LKdjioqww=",
            "terraform_labels": {},
            "timeouts": null,
            "zone": "us-central1-a"
          },
          "sensitive_attributes": [],
          "private": "eyJlMmJmYjczMC1lY2FhLTExZTYtOGY4OC0zNDM2M2JjN2M0YzAiOnsiY3JlYXRlIjoxMjAwMDAwMDAwMDAwLCJkZWxldGUiOjEyMDAwMDAwMDAwMDAsInVwZGF0ZSI6MTIwMDAwMDAwMDAwMH0sInNjaGVtYV92ZXJzaW9uIjoiNiJ9",
          "dependencies": [
            "module.vpc_instance_2.google_compute_network.vpc_network_test_1",
            "module.vpc_instance_2.google_compute_subnetwork.subnet_test"
          ]
        }
      ]
    },
    {
      "module": "module.vpc_instance_1",
      "mode": "managed",
      "type": "google_compute_firewall",
      "name": "rule4",
      "provider": "module.vpc_instance_1.provider[\"registry.terraform.io/hashicorp/google\"]",
      "instances": [
        {
          "schema_version": 1,
          "attributes": {
            "allow": [],
            "creation_timestamp": "2024-01-11T01:54:58.371-08:00",
            "deny": [
              {
                "ports": [],
                "protocol": "all"
              }
            ],
            "description": "",
            "destination_ranges": [],
            "direction": "INGRESS",
            "disabled": false,
            "enable_logging": null,
            "id": "projects/analog-bot-410808/global/firewalls/tp-mercredi-001-deny-all",
            "log_config": [],
            "name": "tp-mercredi-001-deny-all",
            "network": "https://www.googleapis.com/compute/v1/projects/analog-bot-410808/global/networks/vpc-tp-mercredi-001",
            "priority": 2000,
            "project": "analog-bot-410808",
            "self_link": "https://www.googleapis.com/compute/v1/projects/analog-bot-410808/global/firewalls/tp-mercredi-001-deny-all",
            "source_ranges": [
              "0.0.0.0/0"
            ],
            "source_service_accounts": [],
            "source_tags": [],
            "target_service_accounts": [],
            "target_tags": [],
            "timeouts": null
          },
          "sensitive_attributes": [],
          "private": "eyJlMmJmYjczMC1lY2FhLTExZTYtOGY4OC0zNDM2M2JjN2M0YzAiOnsiY3JlYXRlIjoxMjAwMDAwMDAwMDAwLCJkZWxldGUiOjEyMDAwMDAwMDAwMDAsInVwZGF0ZSI6MTIwMDAwMDAwMDAwMH0sInNjaGVtYV92ZXJzaW9uIjoiMSJ9",
          "dependencies": [
            "module.vpc_instance_1.google_compute_network.vpc_network_test_1"
          ]
        }
      ]
    },
    {
      "module": "module.vpc_instance_1",
      "mode": "managed",
      "type": "google_compute_network",
      "name": "vpc_network_test_1",
      "provider": "module.vpc_instance_1.provider[\"registry.terraform.io/hashicorp/google\"]",
      "instances": [
        {
          "schema_version": 0,
          "attributes": {
            "auto_create_subnetworks": false,
            "delete_default_routes_on_create": false,
            "description": "",
            "enable_ula_internal_ipv6": false,
            "gateway_ipv4": "",
            "id": "projects/analog-bot-410808/global/networks/vpc-tp-mercredi-001",
            "internal_ipv6_range": "",
            "mtu": 0,
            "name": "vpc-tp-mercredi-001",
            "network_firewall_policy_enforcement_order": "AFTER_CLASSIC_FIREWALL",
            "numeric_id": "8196587643198378200",
            "project": "analog-bot-410808",
            "routing_mode": "REGIONAL",
            "self_link": "https://www.googleapis.com/compute/v1/projects/analog-bot-410808/global/networks/vpc-tp-mercredi-001",
            "timeouts": null
          },
          "sensitive_attributes": [],
          "private": "eyJlMmJmYjczMC1lY2FhLTExZTYtOGY4OC0zNDM2M2JjN2M0YzAiOnsiY3JlYXRlIjoxMjAwMDAwMDAwMDAwLCJkZWxldGUiOjEyMDAwMDAwMDAwMDAsInVwZGF0ZSI6MTIwMDAwMDAwMDAwMH19"
        }
      ]
    },
    {
      "module": "module.vpc_instance_1",
      "mode": "managed",
      "type": "google_compute_subnetwork",
      "name": "subnet_test",
      "provider": "module.vpc_instance_1.provider[\"registry.terraform.io/hashicorp/google\"]",
      "instances": [
        {
          "schema_version": 0,
          "attributes": {
            "creation_timestamp": "2024-01-11T01:01:01.917-08:00",
            "description": "",
            "external_ipv6_prefix": "",
            "fingerprint": null,
            "gateway_address": "10.0.10.1",
            "id": "projects/analog-bot-410808/regions/us-central1/subnetworks/subnetwork-tp-mercredi-001",
            "internal_ipv6_prefix": "",
            "ip_cidr_range": "10.0.10.0/24",
            "ipv6_access_type": "",
            "ipv6_cidr_range": "",
            "log_config": [],
            "name": "subnetwork-tp-mercredi-001",
            "network": "https://www.googleapis.com/compute/v1/projects/analog-bot-410808/global/networks/vpc-tp-mercredi-001",
            "private_ip_google_access": false,
            "private_ipv6_google_access": "DISABLE_GOOGLE_ACCESS",
            "project": "analog-bot-410808",
            "purpose": "PRIVATE",
            "region": "us-central1",
            "role": "",
            "secondary_ip_range": [],
            "self_link": "https://www.googleapis.com/compute/v1/projects/analog-bot-410808/regions/us-central1/subnetworks/subnetwork-tp-mercredi-001",
            "stack_type": "IPV4_ONLY",
            "timeouts": null
          },
          "sensitive_attributes": [],
          "private": "eyJlMmJmYjczMC1lY2FhLTExZTYtOGY4OC0zNDM2M2JjN2M0YzAiOnsiY3JlYXRlIjoxMjAwMDAwMDAwMDAwLCJkZWxldGUiOjEyMDAwMDAwMDAwMDAsInVwZGF0ZSI6MTIwMDAwMDAwMDAwMH19",
          "dependencies": [
            "module.vpc_instance_1.google_compute_network.vpc_network_test_1"
          ]
        }
      ]
    },
    {
      "module": "module.vpc_instance_2",
      "mode": "managed",
      "type": "google_compute_firewall",
      "name": "rule4",
      "provider": "module.vpc_instance_2.provider[\"registry.terraform.io/hashicorp/google\"]",
      "instances": [
        {
          "schema_version": 1,
          "attributes": {
            "allow": [],
            "creation_timestamp": "2024-01-11T01:54:58.364-08:00",
            "deny": [
              {
                "ports": [],
                "protocol": "all"
              }
            ],
            "description": "",
            "destination_ranges": [],
            "direction": "INGRESS",
            "disabled": false,
            "enable_logging": null,
            "id": "projects/analog-bot-410808/global/firewalls/tp2-mercredi-002-deny-all",
            "log_config": [],
            "name": "tp2-mercredi-002-deny-all",
            "network": "https://www.googleapis.com/compute/v1/projects/analog-bot-410808/global/networks/vpc-tp2-mercredi-002",
            "priority": 2000,
            "project": "analog-bot-410808",
            "self_link": "https://www.googleapis.com/compute/v1/projects/analog-bot-410808/global/firewalls/tp2-mercredi-002-deny-all",
            "source_ranges": [
              "0.0.0.0/0"
            ],
            "source_service_accounts": [],
            "source_tags": [],
            "target_service_accounts": [],
            "target_tags": [],
            "timeouts": null
          },
          "sensitive_attributes": [],
          "private": "eyJlMmJmYjczMC1lY2FhLTExZTYtOGY4OC0zNDM2M2JjN2M0YzAiOnsiY3JlYXRlIjoxMjAwMDAwMDAwMDAwLCJkZWxldGUiOjEyMDAwMDAwMDAwMDAsInVwZGF0ZSI6MTIwMDAwMDAwMDAwMH0sInNjaGVtYV92ZXJzaW9uIjoiMSJ9",
          "dependencies": [
            "module.vpc_instance_2.google_compute_network.vpc_network_test_1"
          ]
        }
      ]
    },
    {
      "module": "module.vpc_instance_2",
      "mode": "managed",
      "type": "google_compute_network",
      "name": "vpc_network_test_1",
      "provider": "module.vpc_instance_2.provider[\"registry.terraform.io/hashicorp/google\"]",
      "instances": [
        {
          "schema_version": 0,
          "attributes": {
            "auto_create_subnetworks": false,
            "delete_default_routes_on_create": false,
            "description": "",
            "enable_ula_internal_ipv6": false,
            "gateway_ipv4": "",
            "id": "projects/analog-bot-410808/global/networks/vpc-tp2-mercredi-002",
            "internal_ipv6_range": "",
            "mtu": 0,
            "name": "vpc-tp2-mercredi-002",
            "network_firewall_policy_enforcement_order": "AFTER_CLASSIC_FIREWALL",
            "numeric_id": "7717412762052331366",
            "project": "analog-bot-410808",
            "routing_mode": "REGIONAL",
            "self_link": "https://www.googleapis.com/compute/v1/projects/analog-bot-410808/global/networks/vpc-tp2-mercredi-002",
            "timeouts": null
          },
          "sensitive_attributes": [],
          "private": "eyJlMmJmYjczMC1lY2FhLTExZTYtOGY4OC0zNDM2M2JjN2M0YzAiOnsiY3JlYXRlIjoxMjAwMDAwMDAwMDAwLCJkZWxldGUiOjEyMDAwMDAwMDAwMDAsInVwZGF0ZSI6MTIwMDAwMDAwMDAwMH19"
        }
      ]
    },
    {
      "module": "module.vpc_instance_2",
      "mode": "managed",
      "type": "google_compute_subnetwork",
      "name": "subnet_test",
      "provider": "module.vpc_instance_2.provider[\"registry.terraform.io/hashicorp/google\"]",
      "instances": [
        {
          "schema_version": 0,
          "attributes": {
            "creation_timestamp": "2024-01-11T01:49:09.028-08:00",
            "description": "",
            "external_ipv6_prefix": "",
            "fingerprint": null,
            "gateway_address": "10.0.20.1",
            "id": "projects/analog-bot-410808/regions/us-central1/subnetworks/subnetwork-tp2-mercredi-002",
            "internal_ipv6_prefix": "",
            "ip_cidr_range": "10.0.20.0/24",
            "ipv6_access_type": "",
            "ipv6_cidr_range": "",
            "log_config": [],
            "name": "subnetwork-tp2-mercredi-002",
            "network": "https://www.googleapis.com/compute/v1/projects/analog-bot-410808/global/networks/vpc-tp2-mercredi-002",
            "private_ip_google_access": false,
            "private_ipv6_google_access": "DISABLE_GOOGLE_ACCESS",
            "project": "analog-bot-410808",
            "purpose": "PRIVATE",
            "region": "us-central1",
            "role": "",
            "secondary_ip_range": [],
            "self_link": "https://www.googleapis.com/compute/v1/projects/analog-bot-410808/regions/us-central1/subnetworks/subnetwork-tp2-mercredi-002",
            "stack_type": "IPV4_ONLY",
            "timeouts": null
          },
          "sensitive_attributes": [],
          "private": "eyJlMmJmYjczMC1lY2FhLTExZTYtOGY4OC0zNDM2M2JjN2M0YzAiOnsiY3JlYXRlIjoxMjAwMDAwMDAwMDAwLCJkZWxldGUiOjEyMDAwMDAwMDAwMDAsInVwZGF0ZSI6MTIwMDAwMDAwMDAwMH19",
          "dependencies": [
            "module.vpc_instance_2.google_compute_network.vpc_network_test_1"
          ]
        }
      ]
    }
  ],
  "check_results": []
}
