{
  "version": 4,
  "terraform_version": "1.3.1",
  "serial": 17,
  "lineage": "1d397e8e-3804-8683-5a32-d5dee2050777",
  "outputs": {},
  "resources": [
    {
      "mode": "managed",
      "type": "random_id",
      "name": "random_suffix",
      "provider": "provider[\"registry.terraform.io/hashicorp/random\"]",
      "instances": [
        {
          "schema_version": 0,
          "attributes": {
            "b64_std": "p2Y=",
            "b64_url": "p2Y",
            "byte_length": 2,
            "dec": "42854",
            "hex": "a766",
            "id": "p2Y",
            "keepers": null,
            "prefix": null
          },
          "sensitive_attributes": []
        }
      ]
    },
    {
      "module": "module.autoscaler",
      "mode": "data",
      "type": "google_compute_image",
      "name": "debian_11",
      "provider": "module.autoscaler.provider[\"registry.terraform.io/hashicorp/google\"]",
      "instances": [
        {
          "schema_version": 0,
          "attributes": {
            "archive_size_bytes": 1953340416,
            "creation_timestamp": "2024-01-10T11:36:37.930-08:00",
            "description": "Debian, Debian GNU/Linux, 11 (bullseye), amd64 built on 20240110",
            "disk_size_gb": 10,
            "family": "debian-11",
            "filter": null,
            "id": "projects/debian-cloud/global/images/debian-11-bullseye-v20240110",
            "image_encryption_key_sha256": "",
            "image_id": "7947040886430584618",
            "label_fingerprint": "42WmSpB8rSM=",
            "labels": {},
            "licenses": [
              "https://www.googleapis.com/compute/v1/projects/debian-cloud/global/licenses/debian-11-bullseye"
            ],
            "most_recent": false,
            "name": "debian-11-bullseye-v20240110",
            "project": "debian-cloud",
            "self_link": "https://www.googleapis.com/compute/v1/projects/debian-cloud/global/images/debian-11-bullseye-v20240110",
            "source_disk": "",
            "source_disk_encryption_key_sha256": "",
            "source_disk_id": "",
            "source_image_id": "",
            "status": "READY"
          },
          "sensitive_attributes": []
        }
      ]
    },
    {
      "module": "module.autoscaler",
      "mode": "managed",
      "type": "google_compute_autoscaler",
      "name": "autoscaler_app",
      "provider": "module.autoscaler.provider[\"registry.terraform.io/hashicorp/google\"]",
      "instances": []
    },
    {
      "module": "module.autoscaler",
      "mode": "managed",
      "type": "google_compute_instance_group_manager",
      "name": "group-instance",
      "provider": "module.autoscaler.provider[\"registry.terraform.io/hashicorp/google\"]",
      "instances": []
    },
    {
      "module": "module.autoscaler",
      "mode": "managed",
      "type": "google_compute_instance_template",
      "name": "instance-app",
      "provider": "module.autoscaler.provider[\"registry.terraform.io/hashicorp/google\"]",
      "instances": []
    },
    {
      "module": "module.bucket1",
      "mode": "managed",
      "type": "google_storage_bucket",
      "name": "bucket",
      "provider": "module.bucket1.provider[\"registry.terraform.io/hashicorp/google\"]",
      "instances": [
        {
          "schema_version": 1,
          "attributes": {
            "autoclass": [],
            "cors": [],
            "custom_placement_config": [],
            "default_event_based_hold": false,
            "effective_labels": {},
            "enable_object_retention": false,
            "encryption": [],
            "force_destroy": true,
            "id": "insset-groupe1-bucket1-a766",
            "labels": null,
            "lifecycle_rule": [],
            "location": "US-CENTRAL1",
            "logging": [],
            "name": "insset-groupe1-bucket1-a766",
            "project": "analog-bot-410808",
            "public_access_prevention": "enforced",
            "requester_pays": false,
            "retention_policy": [],
            "rpo": null,
            "self_link": "https://www.googleapis.com/storage/v1/b/insset-groupe1-bucket1-a766",
            "storage_class": "STANDARD",
            "terraform_labels": {},
            "timeouts": null,
            "uniform_bucket_level_access": false,
            "url": "gs://insset-groupe1-bucket1-a766",
            "versioning": [],
            "website": []
          },
          "sensitive_attributes": [],
          "private": "eyJlMmJmYjczMC1lY2FhLTExZTYtOGY4OC0zNDM2M2JjN2M0YzAiOnsiY3JlYXRlIjo2MDAwMDAwMDAwMDAsInJlYWQiOjI0MDAwMDAwMDAwMCwidXBkYXRlIjoyNDAwMDAwMDAwMDB9LCJzY2hlbWFfdmVyc2lvbiI6IjEifQ==",
          "dependencies": [
            "random_id.random_suffix"
          ]
        }
      ]
    },
    {
      "module": "module.bucket2",
      "mode": "managed",
      "type": "google_storage_bucket",
      "name": "bucket",
      "provider": "module.bucket2.provider[\"registry.terraform.io/hashicorp/google\"]",
      "instances": [
        {
          "schema_version": 1,
          "attributes": {
            "autoclass": [],
            "cors": [],
            "custom_placement_config": [],
            "default_event_based_hold": false,
            "effective_labels": {},
            "enable_object_retention": false,
            "encryption": [],
            "force_destroy": true,
            "id": "insset-groupe1-bucket2-a766",
            "labels": null,
            "lifecycle_rule": [],
            "location": "US-CENTRAL1",
            "logging": [],
            "name": "insset-groupe1-bucket2-a766",
            "project": "analog-bot-410808",
            "public_access_prevention": "enforced",
            "requester_pays": false,
            "retention_policy": [],
            "rpo": null,
            "self_link": "https://www.googleapis.com/storage/v1/b/insset-groupe1-bucket2-a766",
            "storage_class": "STANDARD",
            "terraform_labels": {},
            "timeouts": null,
            "uniform_bucket_level_access": false,
            "url": "gs://insset-groupe1-bucket2-a766",
            "versioning": [],
            "website": []
          },
          "sensitive_attributes": [],
          "private": "eyJlMmJmYjczMC1lY2FhLTExZTYtOGY4OC0zNDM2M2JjN2M0YzAiOnsiY3JlYXRlIjo2MDAwMDAwMDAwMDAsInJlYWQiOjI0MDAwMDAwMDAwMCwidXBkYXRlIjoyNDAwMDAwMDAwMDB9LCJzY2hlbWFfdmVyc2lvbiI6IjEifQ==",
          "dependencies": [
            "random_id.random_suffix"
          ]
        }
      ]
    },
    {
      "module": "module.bucket3",
      "mode": "managed",
      "type": "google_storage_bucket",
      "name": "bucket",
      "provider": "module.bucket3.provider[\"registry.terraform.io/hashicorp/google\"]",
      "instances": [
        {
          "schema_version": 1,
          "attributes": {
            "autoclass": [],
            "cors": [],
            "custom_placement_config": [],
            "default_event_based_hold": false,
            "effective_labels": {},
            "enable_object_retention": false,
            "encryption": [],
            "force_destroy": true,
            "id": "insset-groupe1-bucket3-a766",
            "labels": null,
            "lifecycle_rule": [],
            "location": "US-CENTRAL1",
            "logging": [],
            "name": "insset-groupe1-bucket3-a766",
            "project": "analog-bot-410808",
            "public_access_prevention": "enforced",
            "requester_pays": false,
            "retention_policy": [],
            "rpo": null,
            "self_link": "https://www.googleapis.com/storage/v1/b/insset-groupe1-bucket3-a766",
            "storage_class": "STANDARD",
            "terraform_labels": {},
            "timeouts": null,
            "uniform_bucket_level_access": false,
            "url": "gs://insset-groupe1-bucket3-a766",
            "versioning": [],
            "website": []
          },
          "sensitive_attributes": [],
          "private": "eyJlMmJmYjczMC1lY2FhLTExZTYtOGY4OC0zNDM2M2JjN2M0YzAiOnsiY3JlYXRlIjo2MDAwMDAwMDAwMDAsInJlYWQiOjI0MDAwMDAwMDAwMCwidXBkYXRlIjoyNDAwMDAwMDAwMDB9LCJzY2hlbWFfdmVyc2lvbiI6IjEifQ==",
          "dependencies": [
            "random_id.random_suffix"
          ]
        }
      ]
    },
    {
      "module": "module.cloud-sql",
      "mode": "managed",
      "type": "google_sql_database",
      "name": "database",
      "provider": "module.cloud-sql.provider[\"registry.terraform.io/hashicorp/google\"]",
      "instances": []
    },
    {
      "module": "module.cloud-sql",
      "mode": "managed",
      "type": "google_sql_user",
      "name": "user",
      "provider": "module.cloud-sql.provider[\"registry.terraform.io/hashicorp/google\"]",
      "instances": []
    },
    {
      "module": "module.cloud-sql",
      "mode": "managed",
      "type": "random_password",
      "name": "db_password",
      "provider": "provider[\"registry.terraform.io/hashicorp/random\"]",
      "instances": [
        {
          "schema_version": 3,
          "attributes": {
            "bcrypt_hash": "$2a$10$.Yp1kllhRv8p8PlGzx5RR.jdqDDecHw6jZ/LMu7xIKnSLEa1KIPzm",
            "id": "none",
            "keepers": null,
            "length": 16,
            "lower": true,
            "min_lower": 0,
            "min_numeric": 0,
            "min_special": 0,
            "min_upper": 0,
            "number": true,
            "numeric": true,
            "override_special": "!#$%\u0026*()-_=+[]{}\u003c\u003e:?",
            "result": "Luydm??}4i$\u003ea:t{",
            "special": true,
            "upper": true
          },
          "sensitive_attributes": []
        }
      ]
    },
    {
      "module": "module.iam",
      "mode": "managed",
      "type": "google_project_iam_member",
      "name": "member",
      "provider": "module.iam.provider[\"registry.terraform.io/hashicorp/google\"]",
      "instances": [
        {
          "schema_version": 0,
          "attributes": {
            "condition": [],
            "etag": "BwYOv2TLIBM=",
            "id": "analog-bot-410808/roles/editor/serviceAccount:postgres-db-service-account@analog-bot-410808.iam.gserviceaccount.com",
            "member": "serviceAccount:postgres-db-service-account@analog-bot-410808.iam.gserviceaccount.com",
            "project": "analog-bot-410808",
            "role": "roles/editor"
          },
          "sensitive_attributes": [],
          "private": "bnVsbA==",
          "dependencies": [
            "module.iam.google_service_account.postgres_db"
          ]
        }
      ]
    },
    {
      "module": "module.iam",
      "mode": "managed",
      "type": "google_service_account",
      "name": "postgres_db",
      "provider": "module.iam.provider[\"registry.terraform.io/hashicorp/google\"]",
      "instances": [
        {
          "schema_version": 0,
          "attributes": {
            "account_id": "postgres-db-service-account",
            "description": "",
            "disabled": false,
            "display_name": "postgres_DB Service Account",
            "email": "postgres-db-service-account@analog-bot-410808.iam.gserviceaccount.com",
            "id": "projects/analog-bot-410808/serviceAccounts/postgres-db-service-account@analog-bot-410808.iam.gserviceaccount.com",
            "member": "serviceAccount:postgres-db-service-account@analog-bot-410808.iam.gserviceaccount.com",
            "name": "projects/analog-bot-410808/serviceAccounts/postgres-db-service-account@analog-bot-410808.iam.gserviceaccount.com",
            "project": "analog-bot-410808",
            "timeouts": null,
            "unique_id": "102516148261239507937"
          },
          "sensitive_attributes": [],
          "private": "eyJlMmJmYjczMC1lY2FhLTExZTYtOGY4OC0zNDM2M2JjN2M0YzAiOnsiY3JlYXRlIjozMDAwMDAwMDAwMDB9fQ=="
        }
      ]
    },
    {
      "module": "module.instance-bastion",
      "mode": "managed",
      "type": "google_compute_instance",
      "name": "moninstance1",
      "provider": "module.instance-bastion.provider[\"registry.terraform.io/hashicorp/google\"]",
      "instances": []
    },
    {
      "module": "module.secret-manager",
      "mode": "managed",
      "type": "google_secret_manager_secret_version",
      "name": "secret_version",
      "provider": "module.secret-manager.provider[\"registry.terraform.io/hashicorp/google\"]",
      "instances": []
    },
    {
      "module": "module.secret-manager-iam",
      "mode": "managed",
      "type": "google_secret_manager_secret",
      "name": "secret-manager",
      "provider": "module.secret-manager-iam.provider[\"registry.terraform.io/hashicorp/google\"]",
      "instances": [
        {
          "schema_version": 0,
          "attributes": {
            "annotations": null,
            "create_time": "2024-01-12T13:10:47.135954Z",
            "effective_annotations": {},
            "effective_labels": {
              "label": "connexion-string-secret-for-cloud-sql-db"
            },
            "expire_time": "",
            "id": "projects/analog-bot-410808/secrets/secret-manager-projet-001-iam",
            "labels": {
              "label": "connexion-string-secret-for-cloud-sql-db"
            },
            "name": "projects/229155754906/secrets/secret-manager-projet-001-iam",
            "project": "analog-bot-410808",
            "replication": [
              {
                "auto": [
                  {
                    "customer_managed_encryption": []
                  }
                ],
                "user_managed": []
              }
            ],
            "rotation": [],
            "secret_id": "secret-manager-projet-001-iam",
            "terraform_labels": {
              "label": "connexion-string-secret-for-cloud-sql-db"
            },
            "timeouts": null,
            "topics": [],
            "ttl": null,
            "version_aliases": null
          },
          "sensitive_attributes": [],
          "private": "eyJlMmJmYjczMC1lY2FhLTExZTYtOGY4OC0zNDM2M2JjN2M0YzAiOnsiY3JlYXRlIjoxMjAwMDAwMDAwMDAwLCJkZWxldGUiOjEyMDAwMDAwMDAwMDAsInVwZGF0ZSI6MTIwMDAwMDAwMDAwMH19"
        }
      ]
    },
    {
      "module": "module.secret-manager-iam",
      "mode": "managed",
      "type": "google_secret_manager_secret_version",
      "name": "secret_version",
      "provider": "module.secret-manager-iam.provider[\"registry.terraform.io/hashicorp/google\"]",
      "instances": [
        {
          "schema_version": 0,
          "attributes": {
            "create_time": "2024-01-12T13:10:50.324640Z",
            "deletion_policy": "DELETE",
            "destroy_time": "",
            "enabled": true,
            "id": "projects/229155754906/secrets/secret-manager-projet-001-iam/versions/1",
            "is_secret_data_base64": false,
            "name": "projects/229155754906/secrets/secret-manager-projet-001-iam/versions/1",
            "secret": "projects/analog-bot-410808/secrets/secret-manager-projet-001-iam",
            "secret_data": "102516148261239507937",
            "timeouts": null,
            "version": "1"
          },
          "sensitive_attributes": [],
          "private": "eyJlMmJmYjczMC1lY2FhLTExZTYtOGY4OC0zNDM2M2JjN2M0YzAiOnsiY3JlYXRlIjoxMjAwMDAwMDAwMDAwLCJkZWxldGUiOjEyMDAwMDAwMDAwMDAsInVwZGF0ZSI6MTIwMDAwMDAwMDAwMH19",
          "dependencies": [
            "module.iam.google_service_account.postgres_db",
            "module.secret-manager-iam.google_secret_manager_secret.secret-manager"
          ]
        }
      ]
    },
    {
      "module": "module.vpc",
      "mode": "managed",
      "type": "google_compute_firewall",
      "name": "rule-allow-all-ssh-to-app",
      "provider": "module.vpc.provider[\"registry.terraform.io/hashicorp/google\"]",
      "instances": []
    },
    {
      "module": "module.vpc",
      "mode": "managed",
      "type": "google_compute_firewall",
      "name": "rule-allow-all-ssh-to-bastion",
      "provider": "module.vpc.provider[\"registry.terraform.io/hashicorp/google\"]",
      "instances": []
    },
    {
      "module": "module.vpc",
      "mode": "managed",
      "type": "google_compute_firewall",
      "name": "rule-allow-bastion-ssh-to-app",
      "provider": "module.vpc.provider[\"registry.terraform.io/hashicorp/google\"]",
      "instances": []
    },
    {
      "module": "module.vpc",
      "mode": "managed",
      "type": "google_compute_firewall",
      "name": "rule-deny-all",
      "provider": "module.vpc.provider[\"registry.terraform.io/hashicorp/google\"]",
      "instances": []
    },
    {
      "module": "module.vpc",
      "mode": "managed",
      "type": "google_compute_subnetwork",
      "name": "subnet_network",
      "provider": "module.vpc.provider[\"registry.terraform.io/hashicorp/google\"]",
      "instances": []
    }
  ],
  "check_results": []
}
